{
  "object": {
    "pins": [
      {
        "package": "xctest-dynamic-overlay",
        "repositoryURL": "https://github.com/inamiy/xctest-dynamic-overlay",
        "state": {
          "branch": "SwiftWasm",
          "revision": "aa4a04480ec442a54ef3ad5cd9e2d07f561540d2",
          "version": null
        }
      }
    ]
  },
  "version": 1
}
